{
  "version": 4,
  "terraform_version": "1.4.2",
  "serial": 3,
  "lineage": "6231140e-ec0b-3771-1b4d-ceefef72dcee",
  "outputs": {},
  "resources": [
    {
      "mode": "managed",
      "type": "github_repository",
      "name": "nouveau_depot",
      "provider": "provider[\"registry.terraform.io/hashicorp/github\"]",
      "instances": [
        {
          "schema_version": 1,
          "attributes": {
            "allow_auto_merge": false,
            "allow_merge_commit": false,
            "allow_rebase_merge": false,
            "allow_squash_merge": false,
            "allow_update_branch": false,
            "archive_on_destroy": null,
            "archived": false,
            "auto_init": null,
            "default_branch": "main",
            "delete_branch_on_merge": false,
            "description": "nouveau dépot sur git",
            "etag": "W/\"e3231dd53a18e89cfc7c705f6f6f8c73a2271994025c2a992c0977d5b2df07f6\"",
            "full_name": "K-Pascaline/Depot_terraform",
            "git_clone_url": "git://github.com/K-Pascaline/Depot_terraform.git",
            "gitignore_template": null,
            "has_discussions": false,
            "has_downloads": false,
            "has_issues": false,
            "has_projects": false,
            "has_wiki": false,
            "homepage_url": "",
            "html_url": "https://github.com/K-Pascaline/Depot_terraform",
            "http_clone_url": "https://github.com/K-Pascaline/Depot_terraform.git",
            "id": "Depot_terraform",
            "ignore_vulnerability_alerts_during_read": null,
            "is_template": false,
            "license_template": null,
            "merge_commit_message": "",
            "merge_commit_title": "",
            "name": "Depot_terraform",
            "node_id": "R_kgDOKz7ICA",
            "pages": [],
            "primary_language": "",
            "private": false,
            "repo_id": 725534728,
            "security_and_analysis": [
              {
                "advanced_security": [],
                "secret_scanning": [
                  {
                    "status": "disabled"
                  }
                ],
                "secret_scanning_push_protection": [
                  {
                    "status": "disabled"
                  }
                ]
              }
            ],
            "squash_merge_commit_message": "",
            "squash_merge_commit_title": "",
            "ssh_clone_url": "git@github.com:K-Pascaline/Depot_terraform.git",
            "svn_url": "https://github.com/K-Pascaline/Depot_terraform",
            "template": [],
            "topics": [],
            "visibility": "public",
            "vulnerability_alerts": false
          },
          "sensitive_attributes": [],
          "private": "eyJzY2hlbWFfdmVyc2lvbiI6IjEifQ=="
        }
      ]
    }
  ],
  "check_results": null
}
