{
  "version": 4,
  "terraform_version": "1.4.2",
  "serial": 6,
  "lineage": "91548b95-c6f2-6b7f-26c4-f1a2e5c788a5",
  "outputs": {
    "instance_ip": {
      "value": "199.247.20.41",
      "type": "string"
    },
    "instance_user": {
      "value": "vultr",
      "type": "string"
    }
  },
  "resources": [
    {
      "mode": "managed",
      "type": "vultr_instance",
      "name": "ma_vm",
      "provider": "provider[\"registry.terraform.io/vultr/vultr\"]",
      "instances": [
        {
          "schema_version": 0,
          "attributes": {
            "activation_email": null,
            "allowed_bandwidth": 1,
            "app_id": 0,
            "backups": "disabled",
            "backups_schedule": [],
            "date_created": "2023-11-30T13:10:24+00:00",
            "ddos_protection": false,
            "default_password": "{Dh74eEkaLf]rXz]",
            "disk": 25,
            "enable_ipv6": null,
            "features": [],
            "firewall_group_id": "",
            "gateway_v4": "45.77.54.1",
            "hostname": "vultr.guest",
            "id": "ac7535bc-3269-477d-a8ee-db001ca12eaf",
            "image_id": null,
            "internal_ip": "",
            "iso_id": null,
            "kvm": "https://my.vultr.com/subs/vps/novnc/api.php?data=djJ8b3hvX1BsaEQwWXctMDA0M19CWkpBa1NhcmZUMTV5T1J8smVEtu-9htr9AuiLLMS6qnTpJ-LrAJ_YClr2D0YhGHDztbi6Kd6LXaD_Y2IMYQYVqme2Xl0HeWHC7RYs3PX-PNh_6gU4fIrSPK6NoqJupaTNb-fCjH04MqcA1_ora-ffy1I-cHPgImR6ltXNUETbUyCo4GNJRXRWUqbkPSClgtW3S8x8zUeaTdrOexYInCA",
            "label": null,
            "main_ip": "45.77.54.236",
            "netmask_v4": "255.255.254.0",
            "os": "Ubuntu 20.04 LTS x64",
            "os_id": 387,
            "plan": "vc2-1c-1gb",
            "power_status": "running",
            "private_network_ids": [],
            "ram": 1024,
            "region": "fra",
            "reserved_ip_id": null,
            "script_id": null,
            "server_status": "ok",
            "snapshot_id": null,
            "ssh_key_ids": null,
            "status": "active",
            "tags": [],
            "timeouts": null,
            "user_data": null,
            "v6_main_ip": "",
            "v6_network": "",
            "v6_network_size": 0,
            "vcpu_count": 1,
            "vpc2_ids": null,
            "vpc_ids": []
          },
          "sensitive_attributes": [],
          "private": "eyJlMmJmYjczMC1lY2FhLTExZTYtOGY4OC0zNDM2M2JjN2M0YzAiOnsiY3JlYXRlIjozNjAwMDAwMDAwMDAwLCJ1cGRhdGUiOjM2MDAwMDAwMDAwMDB9fQ=="
        }
      ]
    },
    {
      "mode": "managed",
      "type": "vultr_instance",
      "name": "my_instance",
      "provider": "provider[\"registry.terraform.io/vultr/vultr\"]",
      "instances": [
        {
          "schema_version": 0,
          "attributes": {
            "activation_email": null,
            "allowed_bandwidth": 1,
            "app_id": 0,
            "backups": "disabled",
            "backups_schedule": [],
            "date_created": "2023-11-30T13:50:59+00:00",
            "ddos_protection": false,
            "default_password": "7@BtM*K#FuuJSA!K",
            "disk": 25,
            "enable_ipv6": null,
            "features": [],
            "firewall_group_id": "",
            "gateway_v4": "199.247.20.1",
            "hostname": "vultr.guest",
            "id": "2f6e3bb4-8d61-427f-b6ea-6254ace1f42d",
            "image_id": null,
            "internal_ip": "",
            "iso_id": null,
            "kvm": "https://my.vultr.com/subs/vps/novnc/api.php?data=djJ8ME14cWdkMDJWM3VfLWJjaUhkV3BhRzFfSzVmclhjN3Z8bOnmV-P0Q2mSnETuSl5nWOCcMsPbez-UW6H0C-B-papBvt8XEsb4n5HpzYJKuGAFhKPd3NeSX2A65EP-_5Ji4fxaXop5j7WOSPnVaUafAAxNWUUZikLt4Q0vTst3bU40IyTkQhxXj-bkgfv9qLVK00mmUNZwz2THHMVV6ezejSkA1CTAUfWNUJFgqVahOpM",
            "label": null,
            "main_ip": "199.247.20.41",
            "netmask_v4": "255.255.254.0",
            "os": "Ubuntu 20.04 LTS x64",
            "os_id": 387,
            "plan": "vc2-1c-1gb",
            "power_status": "running",
            "private_network_ids": [],
            "ram": 1024,
            "region": "fra",
            "reserved_ip_id": null,
            "script_id": null,
            "server_status": "installingbooting",
            "snapshot_id": null,
            "ssh_key_ids": null,
            "status": "active",
            "tags": null,
            "timeouts": null,
            "user_data": null,
            "v6_main_ip": "",
            "v6_network": "",
            "v6_network_size": 0,
            "vcpu_count": 1,
            "vpc2_ids": null,
            "vpc_ids": []
          },
          "sensitive_attributes": [],
          "private": "eyJlMmJmYjczMC1lY2FhLTExZTYtOGY4OC0zNDM2M2JjN2M0YzAiOnsiY3JlYXRlIjozNjAwMDAwMDAwMDAwLCJ1cGRhdGUiOjM2MDAwMDAwMDAwMDB9fQ=="
        }
      ]
    }
  ],
  "check_results": null
}
